
Microsoft Visual Studio Solution File, Format Version 12.00
# Visual Studio Version 16
VisualStudioVersion = 16.0.29728.190
MinimumVisualStudioVersion = 10.0.40219.1
Project("{2150E333-8FDC-42A3-9474-1A3956D46DE8}") = "Web", "Web", "{BB77AD02-D290-493E-91F2-E940F11BBD92}"
EndProject
Project("{9092AA53-FB77-4645-B42D-1CCCA6BD08BD}") = "ManageWeb", "ManageWeb\ManageWeb.njsproj", "{4A8974B6-768B-4956-B50A-A3A545768C25}"
EndProject
Project("{9092AA53-FB77-4645-B42D-1CCCA6BD08BD}") = "TenantWeb", "TenantWeb\TenantWeb.njsproj", "{F6B527CC-C969-4623-A58E-9F1FC2DC37B3}"
EndProject
Project("{FAE04EC0-301F-11D3-BF4B-00C04F79EFBC}") = "ManageServer", "ManageServer\ManageServer.csproj", "{AB700E13-9EB9-48E9-9EB7-0DC704E7CD9A}"
EndProject
Project("{FAE04EC0-301F-11D3-BF4B-00C04F79EFBC}") = "TenantServer", "TenantServer\TenantServer.csproj", "{C93572DA-BB76-4100-936C-38973F18E87B}"
EndProject
Global
	GlobalSection(SolutionConfigurationPlatforms) = preSolution
		Debug|Any CPU = Debug|Any CPU
		Release|Any CPU = Release|Any CPU
	EndGlobalSection
	GlobalSection(ProjectConfigurationPlatforms) = postSolution
		{4A8974B6-768B-4956-B50A-A3A545768C25}.Debug|Any CPU.ActiveCfg = Debug|Any CPU
		{4A8974B6-768B-4956-B50A-A3A545768C25}.Debug|Any CPU.Build.0 = Debug|Any CPU
		{4A8974B6-768B-4956-B50A-A3A545768C25}.Release|Any CPU.ActiveCfg = Release|Any CPU
		{4A8974B6-768B-4956-B50A-A3A545768C25}.Release|Any CPU.Build.0 = Release|Any CPU
		{F6B527CC-C969-4623-A58E-9F1FC2DC37B3}.Debug|Any CPU.ActiveCfg = Debug|Any CPU
		{F6B527CC-C969-4623-A58E-9F1FC2DC37B3}.Debug|Any CPU.Build.0 = Debug|Any CPU
		{F6B527CC-C969-4623-A58E-9F1FC2DC37B3}.Release|Any CPU.ActiveCfg = Release|Any CPU
		{F6B527CC-C969-4623-A58E-9F1FC2DC37B3}.Release|Any CPU.Build.0 = Release|Any CPU
		{AB700E13-9EB9-48E9-9EB7-0DC704E7CD9A}.Debug|Any CPU.ActiveCfg = Debug|Any CPU
		{AB700E13-9EB9-48E9-9EB7-0DC704E7CD9A}.Debug|Any CPU.Build.0 = Debug|Any CPU
		{AB700E13-9EB9-48E9-9EB7-0DC704E7CD9A}.Release|Any CPU.ActiveCfg = Release|Any CPU
		{AB700E13-9EB9-48E9-9EB7-0DC704E7CD9A}.Release|Any CPU.Build.0 = Release|Any CPU
		{C93572DA-BB76-4100-936C-38973F18E87B}.Debug|Any CPU.ActiveCfg = Debug|Any CPU
		{C93572DA-BB76-4100-936C-38973F18E87B}.Debug|Any CPU.Build.0 = Debug|Any CPU
		{C93572DA-BB76-4100-936C-38973F18E87B}.Release|Any CPU.ActiveCfg = Release|Any CPU
		{C93572DA-BB76-4100-936C-38973F18E87B}.Release|Any CPU.Build.0 = Release|Any CPU
	EndGlobalSection
	GlobalSection(SolutionProperties) = preSolution
		HideSolutionNode = FALSE
	EndGlobalSection
	GlobalSection(NestedProjects) = preSolution
		{4A8974B6-768B-4956-B50A-A3A545768C25} = {BB77AD02-D290-493E-91F2-E940F11BBD92}
		{F6B527CC-C969-4623-A58E-9F1FC2DC37B3} = {BB77AD02-D290-493E-91F2-E940F11BBD92}
	EndGlobalSection
	GlobalSection(ExtensibilityGlobals) = postSolution
		SolutionGuid = {96A9146B-3AD9-4C76-B33C-66FA37EBFB8C}
	EndGlobalSection
EndGlobal
